bou.ke/monkey v1.0.1/go.mod h1:FgHuK96Rv2Nlf+0u1OOVDpCMdsWyOFmeeketDHE7LIg=
github.com/Benchkram/errz v0.0.0-20180825145403-619d291cb54f h1:FRzI8csOWCO+a4dtjCk+C5lsb8t6UIStMT7ay+5rnxk=
github.com/Benchkram/errz v0.0.0-20180825145403-619d291cb54f/go.mod h1:twnWNXfJK5tkeR2E3YIZI5t//54pW/QIbykQoKtAqtk=
github.com/Equanox/gotron v0.2.23 h1:Jm02KIizTzJ0oUFUieBELzFg8IPmRuWczc8tPzfcdnw=
github.com/Equanox/gotron v0.2.23/go.mod h1:NIsLI7BT06TWQMspklCjtyy536p80QRD8bfqUx5jeK4=
github.com/creack/goselect v0.0.0-20180501195510-58854f77ee8d h1:6o8WW5zZ+Ny9sbk69epnAPmBzrBaRnvci+l4+pqleeY=
github.com/creack/goselect v0.0.0-20180501195510-58854f77ee8d/go.mod h1:gHrIcH/9UZDn2qgeTUeW5K9eZsVYCH6/60J/FHysWyE=
github.com/davecgh/go-spew v1.1.1/go.mod h1:J7Y8YcW2NihsgmVo/mv3lAwl/skON4iLHjSsI+c5H38=
github.com/gorilla/websocket v1.4.0 h1:WDFjx/TMzVgy9VdMMQi2K2Emtwi2QcUQsztZ/zLaH/Q=
github.com/gorilla/websocket v1.4.0/go.mod h1:E7qHFY5m1UJ88s3WnNqhKjPHQ0heANvMoAMk2YaljkQ=
github.com/inconshreveable/mousetrap v1.0.0/go.mod h1:PxqpIevigyE2G7u3NXJIT2ANytuPF1OarO4DADm73n8=
github.com/mikepb/go-serial v0.0.0-20180731022703-d5134cecf05a h1:dCv1LIqgkmFyW9NTRX16FANqPkGcyCZAPV54TMGUV+I=
github.com/mikepb/go-serial v0.0.0-20180731022703-d5134cecf05a/go.mod h1:/GJho3VaF1qyrexGicbl96+cYZXep0Xr2hxYYwY/cpE=
github.com/otiai10/copy v1.0.1 h1:c+B8wnDMTYEWK36PULd7X4IARJDm+ANU2BOCQsfWrgQ=
github.com/otiai10/copy v1.0.1/go.mod h1:8bMCJrAqOtN/d9oyh5HR7HhLQMvcGMpGdwRDYsfOCHc=
github.com/otiai10/mint v1.2.3/go.mod h1:YnfyPNhBvnY8bW4SGQHCs/aAFhkgySlMZbrF5U0bOVw=
github.com/pkg/errors v0.8.0 h1:WdK/asTD0HN+q6hsWO3/vpuAkAr+tw6aNJNDFFf0+qw=
github.com/pkg/errors v0.8.0/go.mod h1:bwawxfHBFNV+L2hUp1rHADufV3IMtnDRdf1r5NINEl0=
github.com/pmezard/go-difflib v1.0.0/go.mod h1:iKH77koFhYxTK1pcRnkKkqfTogsbg7gZNVY4sRDYZ/4=
github.com/rs/zerolog v1.11.0 h1:DRuq/S+4k52uJzBQciUcofXx45GrMC6yrEbb/CoK6+M=
github.com/rs/zerolog v1.11.0/go.mod h1:YbFCdg8HfsridGWAh22vktObvhZbQsZXe4/zB0OKkWU=
github.com/satori/go.uuid v1.2.1-0.20181028125025-b2ce2384e17b h1:gQZ0qzfKHQIybLANtM3mBXNUtOfsCFXeTsnBqCsx1KM=
github.com/satori/go.uuid v1.2.1-0.20181028125025-b2ce2384e17b/go.mod h1:dA0hQrYB0VpLJoorglMZABFdXlWrHn1NEOzdhQKdks0=
github.com/spf13/cobra v0.0.3/go.mod h1:1l0Ry5zgKvJasoi3XT1TypsSe7PqH0Sj9dhYf7v3XqQ=
github.com/spf13/pflag v1.0.3/go.mod h1:DYY7MBk1bdzusC3SYhjObp+wFpr4gzcvqqNjLnInEg4=
github.com/stretchr/testify v1.2.2/go.mod h1:a8OnRcib4nhh0OaRAV+Yts87kKdq0PP7pXfy6kDkUVs=
github.com/termie/go-shutil v0.0.0-20140729215957-bcacb06fecae/go.mod h1:quDq6Se6jlGwiIKia/itDZxqC5rj6/8OdFyMMAwTxCs=
go.bug.st/serial.v1 v0.0.0-20180827123349-5f7892a7bb45 h1:mACY1anK6HNCZtm/DK2Rf2ZPHggVqeB0+7rY9Gl6wyI=
go.bug.st/serial.v1 v0.0.0-20180827123349-5f7892a7bb45/go.mod h1:dRSl/CVCTf56CkXgJMDOdSwNfo2g1orOGE/gBGdvjZw=
golang.org/x/sys v0.0.0-20190422165155-953cdadca894 h1:Cz4ceDQGXuKRnVBDTS23GTn/pU5OE2C0WrNTOYK1Uuc=
golang.org/x/sys v0.0.0-20190422165155-953cdadca894/go.mod h1:h1NjWce9XRLGQEsW7wpKNCjG9DtNlClVuFLEZdDNbEs=
gopkg.in/check.v1 v0.0.0-20161208181325-20d25e280405/go.mod h1:Co6ibVJAznAaIkqp8huTwlJQCZ016jof/cbN4VW5Yz0=
